
Microsoft Visual Studio Solution File, Format Version 12.00
# Visual Studio Version 17
VisualStudioVersion = 17.5.33502.453
MinimumVisualStudioVersion = 10.0.40219.1
Project("{FAE04EC0-301F-11D3-BF4B-00C04F79EFBC}") = "Zadanie2_Blazor", "Zadanie2_Blazor.csproj", "{CCDCC36D-DBA6-422C-B148-4E24621AE6A7}"
EndProject
Global
	GlobalSection(SolutionConfigurationPlatforms) = preSolution
		Debug|Any CPU = Debug|Any CPU
		Release|Any CPU = Release|Any CPU
	EndGlobalSection
	GlobalSection(ProjectConfigurationPlatforms) = postSolution
		{CCDCC36D-DBA6-422C-B148-4E24621AE6A7}.Debug|Any CPU.ActiveCfg = Debug|Any CPU
		{CCDCC36D-DBA6-422C-B148-4E24621AE6A7}.Debug|Any CPU.Build.0 = Debug|Any CPU
		{CCDCC36D-DBA6-422C-B148-4E24621AE6A7}.Release|Any CPU.ActiveCfg = Release|Any CPU
		{CCDCC36D-DBA6-422C-B148-4E24621AE6A7}.Release|Any CPU.Build.0 = Release|Any CPU
	EndGlobalSection
	GlobalSection(SolutionProperties) = preSolution
		HideSolutionNode = FALSE
	EndGlobalSection
	GlobalSection(ExtensibilityGlobals) = postSolution
		SolutionGuid = {735366B6-DBA3-4ADD-BBFA-BF64C956A646}
	EndGlobalSection
EndGlobal
